
Microsoft Visual Studio Solution File, Format Version 12.00
# Visual Studio Version 16
VisualStudioVersion = 16.0.32126.315
MinimumVisualStudioVersion = 10.0.40219.1
Project("{9A19103F-16F7-4668-BE54-9A1E7A4F7556}") = "SecurityCameraImageTimer", "SecurityCameraImageTimer\SecurityCameraImageTimer.csproj", "{FE34FE2C-CFF5-4160-9DE8-3E44AF50761B}"
EndProject
Project("{9A19103F-16F7-4668-BE54-9A1E7A4F7556}") = "RaspberryPICameraImageTimer", "RaspberryPICameraImageTimer\RaspberryPICameraImageTimer.csproj", "{F59F0550-51D8-4C46-A2F1-2870A4FD5588}"
EndProject
Project("{9A19103F-16F7-4668-BE54-9A1E7A4F7556}") = "AzureIoTSmartEdgeCamera", "AzureIoTSmartEdgeCamera\AzureIoTSmartEdgeCamera.csproj", "{81ACF477-D5B6-4C0A-AA00-0796FF94E2B6}"
EndProject
Project("{9A19103F-16F7-4668-BE54-9A1E7A4F7556}") = "AzureIoTSmartEdgeCameraService", "AzureIoTSmartEdgeCameraService\AzureIoTSmartEdgeCameraService.csproj", "{450A70D8-BF72-4E87-9E65-41D149E62EE2}"
EndProject
Global
	GlobalSection(SolutionConfigurationPlatforms) = preSolution
		Debug|Any CPU = Debug|Any CPU
		Release|Any CPU = Release|Any CPU
	EndGlobalSection
	GlobalSection(ProjectConfigurationPlatforms) = postSolution
		{FE34FE2C-CFF5-4160-9DE8-3E44AF50761B}.Debug|Any CPU.ActiveCfg = Debug|Any CPU
		{FE34FE2C-CFF5-4160-9DE8-3E44AF50761B}.Debug|Any CPU.Build.0 = Debug|Any CPU
		{FE34FE2C-CFF5-4160-9DE8-3E44AF50761B}.Release|Any CPU.ActiveCfg = Release|Any CPU
		{FE34FE2C-CFF5-4160-9DE8-3E44AF50761B}.Release|Any CPU.Build.0 = Release|Any CPU
		{F59F0550-51D8-4C46-A2F1-2870A4FD5588}.Debug|Any CPU.ActiveCfg = Debug|Any CPU
		{F59F0550-51D8-4C46-A2F1-2870A4FD5588}.Debug|Any CPU.Build.0 = Debug|Any CPU
		{F59F0550-51D8-4C46-A2F1-2870A4FD5588}.Release|Any CPU.ActiveCfg = Release|Any CPU
		{F59F0550-51D8-4C46-A2F1-2870A4FD5588}.Release|Any CPU.Build.0 = Release|Any CPU
		{81ACF477-D5B6-4C0A-AA00-0796FF94E2B6}.Debug|Any CPU.ActiveCfg = Debug|Any CPU
		{81ACF477-D5B6-4C0A-AA00-0796FF94E2B6}.Debug|Any CPU.Build.0 = Debug|Any CPU
		{81ACF477-D5B6-4C0A-AA00-0796FF94E2B6}.Release|Any CPU.ActiveCfg = Release|Any CPU
		{81ACF477-D5B6-4C0A-AA00-0796FF94E2B6}.Release|Any CPU.Build.0 = Release|Any CPU
		{450A70D8-BF72-4E87-9E65-41D149E62EE2}.Debug|Any CPU.ActiveCfg = Debug|Any CPU
		{450A70D8-BF72-4E87-9E65-41D149E62EE2}.Debug|Any CPU.Build.0 = Debug|Any CPU
		{450A70D8-BF72-4E87-9E65-41D149E62EE2}.Release|Any CPU.ActiveCfg = Release|Any CPU
		{450A70D8-BF72-4E87-9E65-41D149E62EE2}.Release|Any CPU.Build.0 = Release|Any CPU
	EndGlobalSection
	GlobalSection(SolutionProperties) = preSolution
		HideSolutionNode = FALSE
	EndGlobalSection
	GlobalSection(ExtensibilityGlobals) = postSolution
		SolutionGuid = {5C0E73FE-BD64-47E6-A819-2557C6D83FAB}
	EndGlobalSection
EndGlobal
